schema_version: 1
bundle_version: 0.1.0-mvp
upstream:
  repository: https://github.com/strong1133/under-claw-jarvis-plan.git
  revision: ab3e169f26aea433e4d25709e42a05e74324700b
skills:
  under-claw-work-plan: {source: local}
  under-claw-meta-prompt:
    source: upstream
    entry_sha256: ebaf018ff8bf7240115d14bfbf559f0f379971abe30afcd057ad1f6afff1f1a6
  under-claw-jarvis-plan-loop:
    source: upstream
    entry_sha256: b99a092f81d3d453e25f888e65203e4c6ad95de54c7a0ac0e45f33b541320799
  under-claw-jarvis-plan:
    source: upstream
    entry_sha256: 663508d02d39c87c5988fabe891a9f03df0a3a386af0247e36e56dd05390e1cf
